
Microsoft Visual Studio Solution File, Format Version 12.00
# Visual Studio Version 17
VisualStudioVersion = 17.5.002.0
MinimumVisualStudioVersion = 10.0.40219.1
Project("{9A19103F-16F7-4668-BE54-9A1E7A4F7556}") = "CarFactory", "CarFactory\CarFactory.csproj", "{F66656E7-A62D-4BFC-830A-5C673AC2C376}"
EndProject
Project("{9A19103F-16F7-4668-BE54-9A1E7A4F7556}") = "CarFactory.Tests", "CarFactory.Tests\CarFactory.Tests.csproj", "{A64EE439-1BB1-4ABC-A255-2589A3730C9B}"
EndProject
Global
	GlobalSection(SolutionConfigurationPlatforms) = preSolution
		Debug|Any CPU = Debug|Any CPU
		Release|Any CPU = Release|Any CPU
	EndGlobalSection
	GlobalSection(ProjectConfigurationPlatforms) = postSolution
		{F66656E7-A62D-4BFC-830A-5C673AC2C376}.Debug|Any CPU.ActiveCfg = Debug|Any CPU
		{F66656E7-A62D-4BFC-830A-5C673AC2C376}.Debug|Any CPU.Build.0 = Debug|Any CPU
		{F66656E7-A62D-4BFC-830A-5C673AC2C376}.Release|Any CPU.ActiveCfg = Release|Any CPU
		{F66656E7-A62D-4BFC-830A-5C673AC2C376}.Release|Any CPU.Build.0 = Release|Any CPU
		{A64EE439-1BB1-4ABC-A255-2589A3730C9B}.Debug|Any CPU.ActiveCfg = Debug|Any CPU
		{A64EE439-1BB1-4ABC-A255-2589A3730C9B}.Debug|Any CPU.Build.0 = Debug|Any CPU
		{A64EE439-1BB1-4ABC-A255-2589A3730C9B}.Release|Any CPU.ActiveCfg = Release|Any CPU
		{A64EE439-1BB1-4ABC-A255-2589A3730C9B}.Release|Any CPU.Build.0 = Release|Any CPU
	EndGlobalSection
	GlobalSection(SolutionProperties) = preSolution
		HideSolutionNode = FALSE
	EndGlobalSection
	GlobalSection(ExtensibilityGlobals) = postSolution
		SolutionGuid = {BCD15AD2-7217-419E-8ED1-B86C9DAA5294}
	EndGlobalSection
EndGlobal
